
Microsoft Visual Studio Solution File, Format Version 12.00
# Visual Studio 15
VisualStudioVersion = 15.0.28307.106
MinimumVisualStudioVersion = 10.0.40219.1
Project("{9A19103F-16F7-4668-BE54-9A1E7A4F7556}") = "NetCoreAppSettings", "NetCoreAppSettings.csproj", "{FB0DF26D-EB5A-40DB-9389-CEDBC1044E93}"
EndProject
Global
	GlobalSection(SolutionConfigurationPlatforms) = preSolution
		Debug|Any CPU = Debug|Any CPU
		Release|Any CPU = Release|Any CPU
	EndGlobalSection
	GlobalSection(ProjectConfigurationPlatforms) = postSolution
		{FB0DF26D-EB5A-40DB-9389-CEDBC1044E93}.Debug|Any CPU.ActiveCfg = Debug|Any CPU
		{FB0DF26D-EB5A-40DB-9389-CEDBC1044E93}.Debug|Any CPU.Build.0 = Debug|Any CPU
		{FB0DF26D-EB5A-40DB-9389-CEDBC1044E93}.Release|Any CPU.ActiveCfg = Release|Any CPU
		{FB0DF26D-EB5A-40DB-9389-CEDBC1044E93}.Release|Any CPU.Build.0 = Release|Any CPU
	EndGlobalSection
	GlobalSection(SolutionProperties) = preSolution
		HideSolutionNode = FALSE
	EndGlobalSection
	GlobalSection(ExtensibilityGlobals) = postSolution
		SolutionGuid = {6BEE8E16-AED7-4392-A1AD-9556949C17AE}
	EndGlobalSection
EndGlobal
